
Microsoft Visual Studio Solution File, Format Version 12.00
# Visual Studio 15
VisualStudioVersion = 15.0.28010.2046
MinimumVisualStudioVersion = 10.0.40219.1
Project("{FAE04EC0-301F-11D3-BF4B-00C04F79EFBC}") = "Socket Programming for Servers", "Socket Programming for Servers\Socket Programming for Servers.csproj", "{BCC44D8F-74F8-4B9D-BCE2-DD292FE7DB63}"
EndProject
Global
	GlobalSection(SolutionConfigurationPlatforms) = preSolution
		Debug|Any CPU = Debug|Any CPU
		Release|Any CPU = Release|Any CPU
	EndGlobalSection
	GlobalSection(ProjectConfigurationPlatforms) = postSolution
		{BCC44D8F-74F8-4B9D-BCE2-DD292FE7DB63}.Debug|Any CPU.ActiveCfg = Debug|Any CPU
		{BCC44D8F-74F8-4B9D-BCE2-DD292FE7DB63}.Debug|Any CPU.Build.0 = Debug|Any CPU
		{BCC44D8F-74F8-4B9D-BCE2-DD292FE7DB63}.Release|Any CPU.ActiveCfg = Release|Any CPU
		{BCC44D8F-74F8-4B9D-BCE2-DD292FE7DB63}.Release|Any CPU.Build.0 = Release|Any CPU
	EndGlobalSection
	GlobalSection(SolutionProperties) = preSolution
		HideSolutionNode = FALSE
	EndGlobalSection
	GlobalSection(ExtensibilityGlobals) = postSolution
		SolutionGuid = {B187F182-B628-427F-AE9D-7EA4ED49541E}
	EndGlobalSection
EndGlobal
