
Microsoft Visual Studio Solution File, Format Version 12.00
# Visual Studio 15
VisualStudioVersion = 15.0.28010.2041
MinimumVisualStudioVersion = 10.0.40219.1
Project("{FAE04EC0-301F-11D3-BF4B-00C04F79EFBC}") = "Data Structures and algorithms", "Data Structures and algorithms\Data Structures and algorithms.csproj", "{EDE1A99D-468E-48F4-9982-A5374D35F8A0}"
EndProject
Global
	GlobalSection(SolutionConfigurationPlatforms) = preSolution
		Debug|Any CPU = Debug|Any CPU
		Release|Any CPU = Release|Any CPU
	EndGlobalSection
	GlobalSection(ProjectConfigurationPlatforms) = postSolution
		{EDE1A99D-468E-48F4-9982-A5374D35F8A0}.Debug|Any CPU.ActiveCfg = Debug|Any CPU
		{EDE1A99D-468E-48F4-9982-A5374D35F8A0}.Debug|Any CPU.Build.0 = Debug|Any CPU
		{EDE1A99D-468E-48F4-9982-A5374D35F8A0}.Release|Any CPU.ActiveCfg = Release|Any CPU
		{EDE1A99D-468E-48F4-9982-A5374D35F8A0}.Release|Any CPU.Build.0 = Release|Any CPU
	EndGlobalSection
	GlobalSection(SolutionProperties) = preSolution
		HideSolutionNode = FALSE
	EndGlobalSection
	GlobalSection(ExtensibilityGlobals) = postSolution
		SolutionGuid = {457BDE80-75F4-4128-BA04-3124FD0D3783}
	EndGlobalSection
EndGlobal
